{
  "version": 4,
  "terraform_version": "1.8.1",
  "serial": 95,
  "lineage": "b8d5c4fe-538f-a211-020e-dae83445b5e3",
  "outputs": {},
  "resources": [
    {
      "mode": "managed",
      "type": "aws_sfn_state_machine",
      "name": "sfn_test",
      "provider": "provider[\"registry.terraform.io/hashicorp/aws\"]",
      "instances": [
        {
          "schema_version": 0,
          "attributes": {
            "arn": "arn:aws:states:ap-southeast-2:159851557642:stateMachine:dev-sfn-test",
            "creation_date": "2024-04-04T01:07:50Z",
            "definition": "{\n  \"Comment\": \"A Step Function used for Testing.\",\n  \"StartAt\": \"Task1\",\n  \"States\":\n  {\n\n    \"Task1\":\n    {\n      \"Type\": \"Pass\",\n      \"Next\": \"Task2\",\n      \"Result\":\n      {\n        \"Task1Output\": 10\n      },\n      \"ResultPath\": \"$.T1\"\n    },\n\n    \"Task2\":\n    {\n      \"Type\": \"Pass\",\n      \"Next\": \"Task3\",\n      \"Result\":\n      {\n        \"Task2Output\": 20\n      },\n      \"ResultPath\": \"$.T2\"\n    },\n\n    \"Task3\":\n    {\n      \"Type\": \"Pass\",\n\n      \"InputPath\": \"$\",\n\n      \"Parameters\":\n      {\n        \"Task3Input\":\n        {\n          \"Task2Output.$\": \"$.T2\",\n          \"Task1Output\":\n          {\n            \"Nest1\":\n            {\n              \"Nest2\":\n              {\n                \"Task1Output.$\": \"$.T1\"\n              },\n              \"OtherTestInformationBecauseWhyNot.$\": \"$.Comment\"\n            }\n          }\n        }\n      },\n      \n      \"End\": true\n    }\n\n  }\n}\n",
            "description": "",
            "id": "arn:aws:states:ap-southeast-2:159851557642:stateMachine:dev-sfn-test",
            "logging_configuration": [
              {
                "include_execution_data": false,
                "level": "OFF",
                "log_destination": ""
              }
            ],
            "name": "dev-sfn-test",
            "name_prefix": "",
            "publish": false,
            "revision_id": "4ca16832-3e46-44cd-b736-77cc7befc910",
            "role_arn": "arn:aws:iam::159851557642:role/dev_cass_appevents_step_function_trust_role",
            "state_machine_version_arn": "",
            "status": "ACTIVE",
            "tags": {},
            "tags_all": {},
            "timeouts": null,
            "tracing_configuration": [
              {
                "enabled": false
              }
            ],
            "type": "STANDARD",
            "version_description": null
          },
          "sensitive_attributes": [],
          "private": "eyJlMmJmYjczMC1lY2FhLTExZTYtOGY4OC0zNDM2M2JjN2M0YzAiOnsiY3JlYXRlIjozMDAwMDAwMDAwMDAsImRlbGV0ZSI6MzAwMDAwMDAwMDAwLCJ1cGRhdGUiOjYwMDAwMDAwMDAwfX0="
        }
      ]
    }
  ],
  "check_results": null
}
